// !$*UTF8*$!
{
	archiveVersion = 1;
	classes = {};
	objectVersion = 56;
	objects = {
		A001 /* KonsensApp.swift in Sources */ = {isa = PBXBuildFile; fileRef = B001; };
		A002 /* Models.swift in Sources */ = {isa = PBXBuildFile; fileRef = B002; };
		A003 /* AppStore.swift in Sources */ = {isa = PBXBuildFile; fileRef = B003; };
		A004 /* Theme.swift in Sources */ = {isa = PBXBuildFile; fileRef = B004; };
		A005 /* RootView.swift in Sources */ = {isa = PBXBuildFile; fileRef = B005; };
		A006 /* ArenaView.swift in Sources */ = {isa = PBXBuildFile; fileRef = B006; };
		A007 /* MarketsView.swift in Sources */ = {isa = PBXBuildFile; fileRef = B007; };
		A008 /* LeagueView.swift in Sources */ = {isa = PBXBuildFile; fileRef = B008; };
		A009 /* ProfileView.swift in Sources */ = {isa = PBXBuildFile; fileRef = B009; };
		A010 /* AuthView.swift in Sources */ = {isa = PBXBuildFile; fileRef = B012; };
		A011 /* Supabase in Frameworks */ = {isa = PBXBuildFile; productRef = P002; };
		A012 /* KonsensWidget.swift in Sources */ = {isa = PBXBuildFile; fileRef = B013; };
		A013 /* KonsensWidget.appex in Embed App Extensions */ = {isa = PBXBuildFile; fileRef = B015; settings = {ATTRIBUTES = (CodeSignOnCopy, RemoveHeadersOnCopy, ); }; };
		A014 /* Assets.xcassets in Resources */ = {isa = PBXBuildFile; fileRef = B016; };
		B001 = {isa = PBXFileReference; lastKnownFileType = sourcecode.swift; path = KonsensApp.swift; sourceTree = "<group>"; };
		B002 = {isa = PBXFileReference; lastKnownFileType = sourcecode.swift; path = Models.swift; sourceTree = "<group>"; };
		B003 = {isa = PBXFileReference; lastKnownFileType = sourcecode.swift; path = AppStore.swift; sourceTree = "<group>"; };
		B004 = {isa = PBXFileReference; lastKnownFileType = sourcecode.swift; path = Theme.swift; sourceTree = "<group>"; };
		B005 = {isa = PBXFileReference; lastKnownFileType = sourcecode.swift; path = RootView.swift; sourceTree = "<group>"; };
		B006 = {isa = PBXFileReference; lastKnownFileType = sourcecode.swift; path = ArenaView.swift; sourceTree = "<group>"; };
		B007 = {isa = PBXFileReference; lastKnownFileType = sourcecode.swift; path = MarketsView.swift; sourceTree = "<group>"; };
		B008 = {isa = PBXFileReference; lastKnownFileType = sourcecode.swift; path = LeagueView.swift; sourceTree = "<group>"; };
		B009 = {isa = PBXFileReference; lastKnownFileType = sourcecode.swift; path = ProfileView.swift; sourceTree = "<group>"; };
		B010 = {isa = PBXFileReference; lastKnownFileType = text.plist.xml; path = Info.plist; sourceTree = "<group>"; };
		B011 = {isa = PBXFileReference; explicitFileType = wrapper.application; includeInIndex = 0; path = Konsens.app; sourceTree = BUILT_PRODUCTS_DIR; };
		B012 = {isa = PBXFileReference; lastKnownFileType = sourcecode.swift; path = AuthView.swift; sourceTree = "<group>"; };
		B013 = {isa = PBXFileReference; lastKnownFileType = sourcecode.swift; path = KonsensWidget.swift; sourceTree = "<group>"; };
		B014 = {isa = PBXFileReference; lastKnownFileType = text.plist.xml; path = Info.plist; sourceTree = "<group>"; };
		B015 = {isa = PBXFileReference; explicitFileType = "wrapper.app-extension"; includeInIndex = 0; path = KonsensWidget.appex; sourceTree = BUILT_PRODUCTS_DIR; };
		B016 = {isa = PBXFileReference; lastKnownFileType = folder.assetcatalog; path = Assets.xcassets; sourceTree = "<group>"; };
		C001 = {isa = PBXGroup; children = (C002, C003, C004, C005); path = Konsens; sourceTree = "<group>"; };
		C002 = {isa = PBXGroup; children = (B001); path = App; sourceTree = "<group>"; };
		C003 = {isa = PBXGroup; children = (B002, B003, B004); path = Core; sourceTree = "<group>"; };
		C004 = {isa = PBXGroup; children = (B005, B006, B007, B008, B009, B012); path = Features; sourceTree = "<group>"; };
		C005 = {isa = PBXGroup; children = (B010, B016); path = Resources; sourceTree = "<group>"; };
		C006 = {isa = PBXGroup; children = (C001, C008, C007); sourceTree = "<group>"; };
		C007 = {isa = PBXGroup; children = (B011, B015); name = Products; sourceTree = "<group>"; };
		C008 = {isa = PBXGroup; children = (B013, B014); path = KonsensWidget; sourceTree = "<group>"; };
		D001 = {isa = PBXSourcesBuildPhase; buildActionMask = 2147483647; files = (A001,A002,A003,A004,A005,A006,A007,A008,A009,A010); runOnlyForDeploymentPostprocessing = 0; };
		D002 = {isa = PBXFrameworksBuildPhase; buildActionMask = 2147483647; files = (A011); runOnlyForDeploymentPostprocessing = 0; };
		D003 = {isa = PBXResourcesBuildPhase; buildActionMask = 2147483647; files = (A014); runOnlyForDeploymentPostprocessing = 0; };
		D004 = {isa = PBXSourcesBuildPhase; buildActionMask = 2147483647; files = (A012); runOnlyForDeploymentPostprocessing = 0; };
		D005 = {isa = PBXFrameworksBuildPhase; buildActionMask = 2147483647; files = (); runOnlyForDeploymentPostprocessing = 0; };
		D006 = {isa = PBXResourcesBuildPhase; buildActionMask = 2147483647; files = (); runOnlyForDeploymentPostprocessing = 0; };
		D007 = {isa = PBXCopyFilesBuildPhase; buildActionMask = 2147483647; dstPath = ""; dstSubfolderSpec = 13; files = (A013); name = "Embed App Extensions"; runOnlyForDeploymentPostprocessing = 0; };
		PROXY001 = {isa = PBXContainerItemProxy; containerPortal = E002; proxyType = 1; remoteGlobalIDString = E003; remoteInfo = KonsensWidget; };
		DEP001 = {isa = PBXTargetDependency; target = E003; targetProxy = PROXY001; };
		E001 = {isa = PBXNativeTarget; buildConfigurationList = F001; buildPhases = (D001,D002,D003,D007); buildRules = (); dependencies = (DEP001); name = Konsens; packageProductDependencies = (P002); productName = Konsens; productReference = B011; productType = "com.apple.product-type.application"; };
		E003 = {isa = PBXNativeTarget; buildConfigurationList = F003; buildPhases = (D004,D005,D006); buildRules = (); dependencies = (); name = KonsensWidget; packageProductDependencies = (); productName = KonsensWidget; productReference = B015; productType = "com.apple.product-type.app-extension"; };
		E002 = {isa = PBXProject; attributes = {BuildIndependentTargetsInParallel = 1; LastSwiftUpdateCheck = 1600; LastUpgradeCheck = 1600; TargetAttributes = {E001 = {CreatedOnToolsVersion = 16.0;}; E003 = {CreatedOnToolsVersion = 16.0;};};}; buildConfigurationList = F002; compatibilityVersion = "Xcode 14.0"; developmentRegion = fr; hasScannedForEncodings = 0; knownRegions = (fr,en,Base); mainGroup = C006; packageReferences = (P001); productRefGroup = C007; projectDirPath = ""; projectRoot = ""; targets = (E001,E003); };
		P001 = {isa = XCRemoteSwiftPackageReference; repositoryURL = "https://github.com/supabase/supabase-swift"; requirement = {kind = upToNextMajorVersion; minimumVersion = 2.0.0;}; };
		P002 = {isa = XCSwiftPackageProductDependency; package = P001; productName = Supabase; };
		F001 = {isa = XCConfigurationList; buildConfigurations = (G001,G002); defaultConfigurationIsVisible = 0; defaultConfigurationName = Release; };
		F002 = {isa = XCConfigurationList; buildConfigurations = (G003,G004); defaultConfigurationIsVisible = 0; defaultConfigurationName = Release; };
		F003 = {isa = XCConfigurationList; buildConfigurations = (G005,G006); defaultConfigurationIsVisible = 0; defaultConfigurationName = Release; };
		G001 = {isa = XCBuildConfiguration; buildSettings = {ASSETCATALOG_COMPILER_APPICON_NAME = AppIcon; CODE_SIGN_ENTITLEMENTS = Konsens/Resources/Konsens.entitlements; CODE_SIGN_STYLE = Automatic; CURRENT_PROJECT_VERSION = 1; GENERATE_INFOPLIST_FILE = NO; INFOPLIST_FILE = Konsens/Resources/Info.plist; IPHONEOS_DEPLOYMENT_TARGET = 17.0; MARKETING_VERSION = 1.0; PRODUCT_BUNDLE_IDENTIFIER = com.konsens.beta; PRODUCT_NAME = "$(TARGET_NAME)"; SDKROOT = iphoneos; SUPPORTED_PLATFORMS = "iphoneos iphonesimulator"; SWIFT_EMIT_LOC_STRINGS = YES; SWIFT_VERSION = 5.0; TARGETED_DEVICE_FAMILY = 1; }; name = Debug; };
		G002 = {isa = XCBuildConfiguration; buildSettings = {ASSETCATALOG_COMPILER_APPICON_NAME = AppIcon; CODE_SIGN_ENTITLEMENTS = Konsens/Resources/Konsens.entitlements; CODE_SIGN_STYLE = Automatic; CURRENT_PROJECT_VERSION = 1; GENERATE_INFOPLIST_FILE = NO; INFOPLIST_FILE = Konsens/Resources/Info.plist; IPHONEOS_DEPLOYMENT_TARGET = 17.0; MARKETING_VERSION = 1.0; PRODUCT_BUNDLE_IDENTIFIER = com.konsens.beta; PRODUCT_NAME = "$(TARGET_NAME)"; SDKROOT = iphoneos; SUPPORTED_PLATFORMS = "iphoneos iphonesimulator"; SWIFT_COMPILATION_MODE = wholemodule; SWIFT_VERSION = 5.0; TARGETED_DEVICE_FAMILY = 1; VALIDATE_PRODUCT = YES; }; name = Release; };
		G003 = {isa = XCBuildConfiguration; buildSettings = {ALWAYS_SEARCH_USER_PATHS = NO; CLANG_ENABLE_MODULES = YES; CLANG_ENABLE_OBJC_ARC = YES; SWIFT_OPTIMIZATION_LEVEL = "-Onone";}; name = Debug; };
		G004 = {isa = XCBuildConfiguration; buildSettings = {ALWAYS_SEARCH_USER_PATHS = NO; CLANG_ENABLE_MODULES = YES; CLANG_ENABLE_OBJC_ARC = YES;}; name = Release; };
		G005 = {isa = XCBuildConfiguration; buildSettings = {APPLICATION_EXTENSION_API_ONLY = YES; CODE_SIGN_ENTITLEMENTS = KonsensWidget/KonsensWidget.entitlements; CODE_SIGN_STYLE = Automatic; CURRENT_PROJECT_VERSION = 1; GENERATE_INFOPLIST_FILE = NO; INFOPLIST_FILE = KonsensWidget/Info.plist; IPHONEOS_DEPLOYMENT_TARGET = 17.0; MARKETING_VERSION = 1.0; PRODUCT_BUNDLE_IDENTIFIER = com.konsens.beta.widget; PRODUCT_NAME = "$(TARGET_NAME)"; SDKROOT = iphoneos; SKIP_INSTALL = YES; SUPPORTED_PLATFORMS = "iphoneos iphonesimulator"; SWIFT_EMIT_LOC_STRINGS = YES; SWIFT_VERSION = 5.0; TARGETED_DEVICE_FAMILY = 1; }; name = Debug; };
		G006 = {isa = XCBuildConfiguration; buildSettings = {APPLICATION_EXTENSION_API_ONLY = YES; CODE_SIGN_ENTITLEMENTS = KonsensWidget/KonsensWidget.entitlements; CODE_SIGN_STYLE = Automatic; CURRENT_PROJECT_VERSION = 1; GENERATE_INFOPLIST_FILE = NO; INFOPLIST_FILE = KonsensWidget/Info.plist; IPHONEOS_DEPLOYMENT_TARGET = 17.0; MARKETING_VERSION = 1.0; PRODUCT_BUNDLE_IDENTIFIER = com.konsens.beta.widget; PRODUCT_NAME = "$(TARGET_NAME)"; SDKROOT = iphoneos; SKIP_INSTALL = YES; SUPPORTED_PLATFORMS = "iphoneos iphonesimulator"; SWIFT_COMPILATION_MODE = wholemodule; SWIFT_VERSION = 5.0; TARGETED_DEVICE_FAMILY = 1; }; name = Release; };
	};
	rootObject = E002;
}
